// !$*UTF8*$!
{
	archiveVersion = 1;
	classes = {
	};
	objectVersion = 52;
	objects = {

/* Begin PBXBuildFile section */
		893FF2FF2444C23400000662 /* AppDelegate.swift in Sources */ = {isa = PBXBuildFile; fileRef = 893FF2FE2444C23400000662 /* AppDelegate.swift */; };
		893FF3012444C23400000662 /* SceneDelegate.swift in Sources */ = {isa = PBXBuildFile; fileRef = 893FF3002444C23400000662 /* SceneDelegate.swift */; };
		893FF3032444C23400000662 /* ContentView.swift in Sources */ = {isa = PBXBuildFile; fileRef = 893FF3022444C23400000662 /* ContentView.swift */; };
		893FF3052444C23600000662 /* Assets.xcassets in Resources */ = {isa = PBXBuildFile; fileRef = 893FF3042444C23600000662 /* Assets.xcassets */; };
		893FF3082444C23600000662 /* Preview Assets.xcassets in Resources */ = {isa = PBXBuildFile; fileRef = 893FF3072444C23600000662 /* Preview Assets.xcassets */; };
		893FF30B2444C23600000662 /* LaunchScreen.storyboard in Resources */ = {isa = PBXBuildFile; fileRef = 893FF3092444C23600000662 /* LaunchScreen.storyboard */; };
		893FF3192444F69200000662 /* ColorPickerExamples.swift in Sources */ = {isa = PBXBuildFile; fileRef = 893FF3182444F69200000662 /* ColorPickerExamples.swift */; };
		893FF31B2444F81F00000662 /* GradientPickerExamples.swift in Sources */ = {isa = PBXBuildFile; fileRef = 893FF31A2444F81F00000662 /* GradientPickerExamples.swift */; };
		893FF31E2444FEC900000662 /* CircularHSBExample.swift in Sources */ = {isa = PBXBuildFile; fileRef = 893FF31C2444FEC800000662 /* CircularHSBExample.swift */; };
		893FF31F2444FEC900000662 /* HueCircleView.swift in Sources */ = {isa = PBXBuildFile; fileRef = 893FF31D2444FEC900000662 /* HueCircleView.swift */; };
		89B42B0A2445ED81008D8694 /* ColorKit in Frameworks */ = {isa = PBXBuildFile; productRef = 89B42B092445ED81008D8694 /* ColorKit */; };
		89B42B232445EE9A008D8694 /* HueSlider.png in Resources */ = {isa = PBXBuildFile; fileRef = 89B42B0C2445EE9A008D8694 /* HueSlider.png */; };
		89B42B242445EE9A008D8694 /* RadialComponentBreakDown.png in Resources */ = {isa = PBXBuildFile; fileRef = 89B42B0D2445EE9A008D8694 /* RadialComponentBreakDown.png */; };
		89B42B252445EE9A008D8694 /* AngularComponentBreakdown.png in Resources */ = {isa = PBXBuildFile; fileRef = 89B42B0E2445EE9A008D8694 /* AngularComponentBreakdown.png */; };
		89B42B262445EE9A008D8694 /* AngularExample.png in Resources */ = {isa = PBXBuildFile; fileRef = 89B42B0F2445EE9A008D8694 /* AngularExample.png */; };
		89B42B272445EE9A008D8694 /* SBTrackPad.png in Resources */ = {isa = PBXBuildFile; fileRef = 89B42B102445EE9A008D8694 /* SBTrackPad.png */; };
		89B42B282445EE9A008D8694 /* RectangularHSBColorPicker.png in Resources */ = {isa = PBXBuildFile; fileRef = 89B42B112445EE9A008D8694 /* RectangularHSBColorPicker.png */; };
		89B42B292445EE9A008D8694 /* ExampleCollage.png in Resources */ = {isa = PBXBuildFile; fileRef = 89B42B122445EE9A008D8694 /* ExampleCollage.png */; };
		89B42B2A2445EE9A008D8694 /* AlphaSlider.png in Resources */ = {isa = PBXBuildFile; fileRef = 89B42B132445EE9A008D8694 /* AlphaSlider.png */; };
		89B42B2B2445EE9A008D8694 /* SimpleAngularExample.png in Resources */ = {isa = PBXBuildFile; fileRef = 89B42B142445EE9A008D8694 /* SimpleAngularExample.png */; };
		89B42B2C2445EE9A008D8694 /* GrayScaleExample.png in Resources */ = {isa = PBXBuildFile; fileRef = 89B42B152445EE9A008D8694 /* GrayScaleExample.png */; };
		89B42B2D2445EE9A008D8694 /* SimpleLinearExample.png in Resources */ = {isa = PBXBuildFile; fileRef = 89B42B162445EE9A008D8694 /* SimpleLinearExample.png */; };
		89B42B2E2445EE9A008D8694 /* RGBSliders.png in Resources */ = {isa = PBXBuildFile; fileRef = 89B42B172445EE9A008D8694 /* RGBSliders.png */; };
		89B42B2F2445EE9A008D8694 /* CircularHSBPicker.png in Resources */ = {isa = PBXBuildFile; fileRef = 89B42B182445EE9A008D8694 /* CircularHSBPicker.png */; };
		89B42B302445EE9A008D8694 /* CMYKPickerExample.png in Resources */ = {isa = PBXBuildFile; fileRef = 89B42B192445EE9A008D8694 /* CMYKPickerExample.png */; };
		89B42B312445EE9A008D8694 /* ColorKitLogo.pdf in Resources */ = {isa = PBXBuildFile; fileRef = 89B42B1A2445EE9A008D8694 /* ColorKitLogo.pdf */; };
		89B42B322445EE9A008D8694 /* SimpleAngularVerticalExample.png in Resources */ = {isa = PBXBuildFile; fileRef = 89B42B1B2445EE9A008D8694 /* SimpleAngularVerticalExample.png */; };
		89B42B332445EE9A008D8694 /* LinearComponentBreakDown.png in Resources */ = {isa = PBXBuildFile; fileRef = 89B42B1C2445EE9A008D8694 /* LinearComponentBreakDown.png */; };
		89B42B342445EE9A008D8694 /* SimpleRadialExample.png in Resources */ = {isa = PBXBuildFile; fileRef = 89B42B1D2445EE9A008D8694 /* SimpleRadialExample.png */; };
		89B42B352445EE9A008D8694 /* CircularHSBColorPickerExample.png in Resources */ = {isa = PBXBuildFile; fileRef = 89B42B1E2445EE9A008D8694 /* CircularHSBColorPickerExample.png */; };
		89B42B362445EE9A008D8694 /* FullGradientPickerThumbnail.png in Resources */ = {isa = PBXBuildFile; fileRef = 89B42B1F2445EE9A008D8694 /* FullGradientPickerThumbnail.png */; };
		89B42B372445EE9A008D8694 /* CMYKSliders.png in Resources */ = {isa = PBXBuildFile; fileRef = 89B42B202445EE9A008D8694 /* CMYKSliders.png */; };
		89B42B382445EE9A008D8694 /* RGBColorPicker.png in Resources */ = {isa = PBXBuildFile; fileRef = 89B42B212445EE9A008D8694 /* RGBColorPicker.png */; };
		89B42B392445EE9A008D8694 /* ColorKitLogo.svg in Resources */ = {isa = PBXBuildFile; fileRef = 89B42B222445EE9A008D8694 /* ColorKitLogo.svg */; };
/* End PBXBuildFile section */

/* Begin PBXFileReference section */
		893FF2FB2444C23400000662 /* ColorKitExamples.app */ = {isa = PBXFileReference; explicitFileType = wrapper.application; includeInIndex = 0; path = ColorKitExamples.app; sourceTree = BUILT_PRODUCTS_DIR; };
		893FF2FE2444C23400000662 /* AppDelegate.swift */ = {isa = PBXFileReference; lastKnownFileType = sourcecode.swift; path = AppDelegate.swift; sourceTree = "<group>"; };
		893FF3002444C23400000662 /* SceneDelegate.swift */ = {isa = PBXFileReference; lastKnownFileType = sourcecode.swift; path = SceneDelegate.swift; sourceTree = "<group>"; };
		893FF3022444C23400000662 /* ContentView.swift */ = {isa = PBXFileReference; lastKnownFileType = sourcecode.swift; path = ContentView.swift; sourceTree = "<group>"; };
		893FF3042444C23600000662 /* Assets.xcassets */ = {isa = PBXFileReference; lastKnownFileType = folder.assetcatalog; path = Assets.xcassets; sourceTree = "<group>"; };
		893FF3072444C23600000662 /* Preview Assets.xcassets */ = {isa = PBXFileReference; lastKnownFileType = folder.assetcatalog; path = "Preview Assets.xcassets"; sourceTree = "<group>"; };
		893FF30A2444C23600000662 /* Base */ = {isa = PBXFileReference; lastKnownFileType = file.storyboard; name = Base; path = Base.lproj/LaunchScreen.storyboard; sourceTree = "<group>"; };
		893FF30C2444C23600000662 /* Info.plist */ = {isa = PBXFileReference; lastKnownFileType = text.plist.xml; path = Info.plist; sourceTree = "<group>"; };
		893FF3182444F69200000662 /* ColorPickerExamples.swift */ = {isa = PBXFileReference; lastKnownFileType = sourcecode.swift; path = ColorPickerExamples.swift; sourceTree = "<group>"; };
		893FF31A2444F81F00000662 /* GradientPickerExamples.swift */ = {isa = PBXFileReference; lastKnownFileType = sourcecode.swift; path = GradientPickerExamples.swift; sourceTree = "<group>"; };
		893FF31C2444FEC800000662 /* CircularHSBExample.swift */ = {isa = PBXFileReference; lastKnownFileType = sourcecode.swift; path = CircularHSBExample.swift; sourceTree = "<group>"; };
		893FF31D2444FEC900000662 /* HueCircleView.swift */ = {isa = PBXFileReference; lastKnownFileType = sourcecode.swift; path = HueCircleView.swift; sourceTree = "<group>"; };
		89B42B0C2445EE9A008D8694 /* HueSlider.png */ = {isa = PBXFileReference; lastKnownFileType = image.png; path = HueSlider.png; sourceTree = "<group>"; };
		89B42B0D2445EE9A008D8694 /* RadialComponentBreakDown.png */ = {isa = PBXFileReference; lastKnownFileType = image.png; path = RadialComponentBreakDown.png; sourceTree = "<group>"; };
		89B42B0E2445EE9A008D8694 /* AngularComponentBreakdown.png */ = {isa = PBXFileReference; lastKnownFileType = image.png; path = AngularComponentBreakdown.png; sourceTree = "<group>"; };
		89B42B0F2445EE9A008D8694 /* AngularExample.png */ = {isa = PBXFileReference; lastKnownFileType = image.png; path = AngularExample.png; sourceTree = "<group>"; };
		89B42B102445EE9A008D8694 /* SBTrackPad.png */ = {isa = PBXFileReference; lastKnownFileType = image.png; path = SBTrackPad.png; sourceTree = "<group>"; };
		89B42B112445EE9A008D8694 /* RectangularHSBColorPicker.png */ = {isa = PBXFileReference; lastKnownFileType = image.png; path = RectangularHSBColorPicker.png; sourceTree = "<group>"; };
		89B42B122445EE9A008D8694 /* ExampleCollage.png */ = {isa = PBXFileReference; lastKnownFileType = image.png; path = ExampleCollage.png; sourceTree = "<group>"; };
		89B42B132445EE9A008D8694 /* AlphaSlider.png */ = {isa = PBXFileReference; lastKnownFileType = image.png; path = AlphaSlider.png; sourceTree = "<group>"; };
		89B42B142445EE9A008D8694 /* SimpleAngularExample.png */ = {isa = PBXFileReference; lastKnownFileType = image.png; path = SimpleAngularExample.png; sourceTree = "<group>"; };
		89B42B152445EE9A008D8694 /* GrayScaleExample.png */ = {isa = PBXFileReference; lastKnownFileType = image.png; path = GrayScaleExample.png; sourceTree = "<group>"; };
		89B42B162445EE9A008D8694 /* SimpleLinearExample.png */ = {isa = PBXFileReference; lastKnownFileType = image.png; path = SimpleLinearExample.png; sourceTree = "<group>"; };
		89B42B172445EE9A008D8694 /* RGBSliders.png */ = {isa = PBXFileReference; lastKnownFileType = image.png; path = RGBSliders.png; sourceTree = "<group>"; };
		89B42B182445EE9A008D8694 /* CircularHSBPicker.png */ = {isa = PBXFileReference; lastKnownFileType = image.png; path = CircularHSBPicker.png; sourceTree = "<group>"; };
		89B42B192445EE9A008D8694 /* CMYKPickerExample.png */ = {isa = PBXFileReference; lastKnownFileType = image.png; path = CMYKPickerExample.png; sourceTree = "<group>"; };
		89B42B1A2445EE9A008D8694 /* ColorKitLogo.pdf */ = {isa = PBXFileReference; lastKnownFileType = image.pdf; path = ColorKitLogo.pdf; sourceTree = "<group>"; };
		89B42B1B2445EE9A008D8694 /* SimpleAngularVerticalExample.png */ = {isa = PBXFileReference; lastKnownFileType = image.png; path = SimpleAngularVerticalExample.png; sourceTree = "<group>"; };
		89B42B1C2445EE9A008D8694 /* LinearComponentBreakDown.png */ = {isa = PBXFileReference; lastKnownFileType = image.png; path = LinearComponentBreakDown.png; sourceTree = "<group>"; };
		89B42B1D2445EE9A008D8694 /* SimpleRadialExample.png */ = {isa = PBXFileReference; lastKnownFileType = image.png; path = SimpleRadialExample.png; sourceTree = "<group>"; };
		89B42B1E2445EE9A008D8694 /* CircularHSBColorPickerExample.png */ = {isa = PBXFileReference; lastKnownFileType = image.png; path = CircularHSBColorPickerExample.png; sourceTree = "<group>"; };
		89B42B1F2445EE9A008D8694 /* FullGradientPickerThumbnail.png */ = {isa = PBXFileReference; lastKnownFileType = image.png; path = FullGradientPickerThumbnail.png; sourceTree = "<group>"; };
		89B42B202445EE9A008D8694 /* CMYKSliders.png */ = {isa = PBXFileReference; lastKnownFileType = image.png; path = CMYKSliders.png; sourceTree = "<group>"; };
		89B42B212445EE9A008D8694 /* RGBColorPicker.png */ = {isa = PBXFileReference; lastKnownFileType = image.png; path = RGBColorPicker.png; sourceTree = "<group>"; };
		89B42B222445EE9A008D8694 /* ColorKitLogo.svg */ = {isa = PBXFileReference; fileEncoding = 4; lastKnownFileType = text.xml; path = ColorKitLogo.svg; sourceTree = "<group>"; };
/* End PBXFileReference section */

/* Begin PBXFrameworksBuildPhase section */
		893FF2F82444C23400000662 /* Frameworks */ = {
			isa = PBXFrameworksBuildPhase;
			buildActionMask = 2147483647;
			files = (
				89B42B0A2445ED81008D8694 /* ColorKit in Frameworks */,
			);
			runOnlyForDeploymentPostprocessing = 0;
		};
/* End PBXFrameworksBuildPhase section */

/* Begin PBXGroup section */
		893FF2F22444C23400000662 = {
			isa = PBXGroup;
			children = (
				89B42B0B2445EE9A008D8694 /* ColorKitMedia */,
				893FF2FD2444C23400000662 /* ColorKitExamples */,
				893FF2FC2444C23400000662 /* Products */,
			);
			sourceTree = "<group>";
		};
		893FF2FC2444C23400000662 /* Products */ = {
			isa = PBXGroup;
			children = (
				893FF2FB2444C23400000662 /* ColorKitExamples.app */,
			);
			name = Products;
			sourceTree = "<group>";
		};
		893FF2FD2444C23400000662 /* ColorKitExamples */ = {
			isa = PBXGroup;
			children = (
				893FF2FE2444C23400000662 /* AppDelegate.swift */,
				893FF3002444C23400000662 /* SceneDelegate.swift */,
				893FF3022444C23400000662 /* ContentView.swift */,
				893FF31D2444FEC900000662 /* HueCircleView.swift */,
				893FF31C2444FEC800000662 /* CircularHSBExample.swift */,
				893FF31A2444F81F00000662 /* GradientPickerExamples.swift */,
				893FF3182444F69200000662 /* ColorPickerExamples.swift */,
				893FF3042444C23600000662 /* Assets.xcassets */,
				893FF3092444C23600000662 /* LaunchScreen.storyboard */,
				893FF30C2444C23600000662 /* Info.plist */,
				893FF3062444C23600000662 /* Preview Content */,
			);
			path = ColorKitExamples;
			sourceTree = "<group>";
		};
		893FF3062444C23600000662 /* Preview Content */ = {
			isa = PBXGroup;
			children = (
				893FF3072444C23600000662 /* Preview Assets.xcassets */,
			);
			path = "Preview Content";
			sourceTree = "<group>";
		};
		89B42B0B2445EE9A008D8694 /* ColorKitMedia */ = {
			isa = PBXGroup;
			children = (
				89B42B0C2445EE9A008D8694 /* HueSlider.png */,
				89B42B0D2445EE9A008D8694 /* RadialComponentBreakDown.png */,
				89B42B0E2445EE9A008D8694 /* AngularComponentBreakdown.png */,
				89B42B0F2445EE9A008D8694 /* AngularExample.png */,
				89B42B102445EE9A008D8694 /* SBTrackPad.png */,
				89B42B112445EE9A008D8694 /* RectangularHSBColorPicker.png */,
				89B42B122445EE9A008D8694 /* ExampleCollage.png */,
				89B42B132445EE9A008D8694 /* AlphaSlider.png */,
				89B42B142445EE9A008D8694 /* SimpleAngularExample.png */,
				89B42B152445EE9A008D8694 /* GrayScaleExample.png */,
				89B42B162445EE9A008D8694 /* SimpleLinearExample.png */,
				89B42B172445EE9A008D8694 /* RGBSliders.png */,
				89B42B182445EE9A008D8694 /* CircularHSBPicker.png */,
				89B42B192445EE9A008D8694 /* CMYKPickerExample.png */,
				89B42B1A2445EE9A008D8694 /* ColorKitLogo.pdf */,
				89B42B1B2445EE9A008D8694 /* SimpleAngularVerticalExample.png */,
				89B42B1C2445EE9A008D8694 /* LinearComponentBreakDown.png */,
				89B42B1D2445EE9A008D8694 /* SimpleRadialExample.png */,
				89B42B1E2445EE9A008D8694 /* CircularHSBColorPickerExample.png */,
				89B42B1F2445EE9A008D8694 /* FullGradientPickerThumbnail.png */,
				89B42B202445EE9A008D8694 /* CMYKSliders.png */,
				89B42B212445EE9A008D8694 /* RGBColorPicker.png */,
				89B42B222445EE9A008D8694 /* ColorKitLogo.svg */,
			);
			path = ColorKitMedia;
			sourceTree = "<group>";
		};
/* End PBXGroup section */

/* Begin PBXNativeTarget section */
		893FF2FA2444C23400000662 /* ColorKitExamples */ = {
			isa = PBXNativeTarget;
			buildConfigurationList = 893FF30F2444C23600000662 /* Build configuration list for PBXNativeTarget "ColorKitExamples" */;
			buildPhases = (
				893FF2F72444C23400000662 /* Sources */,
				893FF2F82444C23400000662 /* Frameworks */,
				893FF2F92444C23400000662 /* Resources */,
			);
			buildRules = (
			);
			dependencies = (
			);
			name = ColorKitExamples;
			packageProductDependencies = (
				89B42B092445ED81008D8694 /* ColorKit */,
			);
			productName = ColorKitExamples;
			productReference = 893FF2FB2444C23400000662 /* ColorKitExamples.app */;
			productType = "com.apple.product-type.application";
		};
/* End PBXNativeTarget section */

/* Begin PBXProject section */
		893FF2F32444C23400000662 /* Project object */ = {
			isa = PBXProject;
			attributes = {
				LastSwiftUpdateCheck = 1140;
				LastUpgradeCheck = 1140;
				ORGANIZATIONNAME = BrownandSons;
				TargetAttributes = {
					893FF2FA2444C23400000662 = {
						CreatedOnToolsVersion = 11.4;
					};
				};
			};
			buildConfigurationList = 893FF2F62444C23400000662 /* Build configuration list for PBXProject "ColorKitExamples" */;
			compatibilityVersion = "Xcode 9.3";
			developmentRegion = en;
			hasScannedForEncodings = 0;
			knownRegions = (
				en,
				Base,
			);
			mainGroup = 893FF2F22444C23400000662;
			packageReferences = (
				89B42B082445ED81008D8694 /* XCRemoteSwiftPackageReference "ColorKit" */,
			);
			productRefGroup = 893FF2FC2444C23400000662 /* Products */;
			projectDirPath = "";
			projectRoot = "";
			targets = (
				893FF2FA2444C23400000662 /* ColorKitExamples */,
			);
		};
/* End PBXProject section */

/* Begin PBXResourcesBuildPhase section */
		893FF2F92444C23400000662 /* Resources */ = {
			isa = PBXResourcesBuildPhase;
			buildActionMask = 2147483647;
			files = (
				89B42B392445EE9A008D8694 /* ColorKitLogo.svg in Resources */,
				89B42B272445EE9A008D8694 /* SBTrackPad.png in Resources */,
				89B42B362445EE9A008D8694 /* FullGradientPickerThumbnail.png in Resources */,
				893FF30B2444C23600000662 /* LaunchScreen.storyboard in Resources */,
				89B42B232445EE9A008D8694 /* HueSlider.png in Resources */,
				89B42B372445EE9A008D8694 /* CMYKSliders.png in Resources */,
				89B42B352445EE9A008D8694 /* CircularHSBColorPickerExample.png in Resources */,
				893FF3082444C23600000662 /* Preview Assets.xcassets in Resources */,
				89B42B292445EE9A008D8694 /* ExampleCollage.png in Resources */,
				89B42B382445EE9A008D8694 /* RGBColorPicker.png in Resources */,
				89B42B2D2445EE9A008D8694 /* SimpleLinearExample.png in Resources */,
				89B42B322445EE9A008D8694 /* SimpleAngularVerticalExample.png in Resources */,
				89B42B302445EE9A008D8694 /* CMYKPickerExample.png in Resources */,
				89B42B262445EE9A008D8694 /* AngularExample.png in Resources */,
				89B42B282445EE9A008D8694 /* RectangularHSBColorPicker.png in Resources */,
				89B42B332445EE9A008D8694 /* LinearComponentBreakDown.png in Resources */,
				89B42B2F2445EE9A008D8694 /* CircularHSBPicker.png in Resources */,
				89B42B2B2445EE9A008D8694 /* SimpleAngularExample.png in Resources */,
				89B42B2A2445EE9A008D8694 /* AlphaSlider.png in Resources */,
				89B42B312445EE9A008D8694 /* ColorKitLogo.pdf in Resources */,
				89B42B342445EE9A008D8694 /* SimpleRadialExample.png in Resources */,
				89B42B242445EE9A008D8694 /* RadialComponentBreakDown.png in Resources */,
				89B42B2E2445EE9A008D8694 /* RGBSliders.png in Resources */,
				89B42B252445EE9A008D8694 /* AngularComponentBreakdown.png in Resources */,
				893FF3052444C23600000662 /* Assets.xcassets in Resources */,
				89B42B2C2445EE9A008D8694 /* GrayScaleExample.png in Resources */,
			);
			runOnlyForDeploymentPostprocessing = 0;
		};
/* End PBXResourcesBuildPhase section */

/* Begin PBXSourcesBuildPhase section */
		893FF2F72444C23400000662 /* Sources */ = {
			isa = PBXSourcesBuildPhase;
			buildActionMask = 2147483647;
			files = (
				893FF3192444F69200000662 /* ColorPickerExamples.swift in Sources */,
				893FF31E2444FEC900000662 /* CircularHSBExample.swift in Sources */,
				893FF31B2444F81F00000662 /* GradientPickerExamples.swift in Sources */,
				893FF31F2444FEC900000662 /* HueCircleView.swift in Sources */,
				893FF2FF2444C23400000662 /* AppDelegate.swift in Sources */,
				893FF3012444C23400000662 /* SceneDelegate.swift in Sources */,
				893FF3032444C23400000662 /* ContentView.swift in Sources */,
			);
			runOnlyForDeploymentPostprocessing = 0;
		};
/* End PBXSourcesBuildPhase section */

/* Begin PBXVariantGroup section */
		893FF3092444C23600000662 /* LaunchScreen.storyboard */ = {
			isa = PBXVariantGroup;
			children = (
				893FF30A2444C23600000662 /* Base */,
			);
			name = LaunchScreen.storyboard;
			sourceTree = "<group>";
		};
/* End PBXVariantGroup section */

/* Begin XCBuildConfiguration section */
		893FF30D2444C23600000662 /* Debug */ = {
			isa = XCBuildConfiguration;
			buildSettings = {
				ALWAYS_SEARCH_USER_PATHS = NO;
				CLANG_ANALYZER_NONNULL = YES;
				CLANG_ANALYZER_NUMBER_OBJECT_CONVERSION = YES_AGGRESSIVE;
				CLANG_CXX_LANGUAGE_STANDARD = "gnu++14";
				CLANG_CXX_LIBRARY = "libc++";
				CLANG_ENABLE_MODULES = YES;
				CLANG_ENABLE_OBJC_ARC = YES;
				CLANG_ENABLE_OBJC_WEAK = YES;
				CLANG_WARN_BLOCK_CAPTURE_AUTORELEASING = YES;
				CLANG_WARN_BOOL_CONVERSION = YES;
				CLANG_WARN_COMMA = YES;
				CLANG_WARN_CONSTANT_CONVERSION = YES;
				CLANG_WARN_DEPRECATED_OBJC_IMPLEMENTATIONS = YES;
				CLANG_WARN_DIRECT_OBJC_ISA_USAGE = YES_ERROR;
				CLANG_WARN_DOCUMENTATION_COMMENTS = YES;
				CLANG_WARN_EMPTY_BODY = YES;
				CLANG_WARN_ENUM_CONVERSION = YES;
				CLANG_WARN_INFINITE_RECURSION = YES;
				CLANG_WARN_INT_CONVERSION = YES;
				CLANG_WARN_NON_LITERAL_NULL_CONVERSION = YES;
				CLANG_WARN_OBJC_IMPLICIT_RETAIN_SELF = YES;
				CLANG_WARN_OBJC_LITERAL_CONVERSION = YES;
				CLANG_WARN_OBJC_ROOT_CLASS = YES_ERROR;
				CLANG_WARN_RANGE_LOOP_ANALYSIS = YES;
				CLANG_WARN_STRICT_PROTOTYPES = YES;
				CLANG_WARN_SUSPICIOUS_MOVE = YES;
				CLANG_WARN_UNGUARDED_AVAILABILITY = YES_AGGRESSIVE;
				CLANG_WARN_UNREACHABLE_CODE = YES;
				CLANG_WARN__DUPLICATE_METHOD_MATCH = YES;
				COPY_PHASE_STRIP = NO;
				DEBUG_INFORMATION_FORMAT = dwarf;
				ENABLE_STRICT_OBJC_MSGSEND = YES;
				ENABLE_TESTABILITY = YES;
				GCC_C_LANGUAGE_STANDARD = gnu11;
				GCC_DYNAMIC_NO_PIC = NO;
				GCC_NO_COMMON_BLOCKS = YES;
				GCC_OPTIMIZATION_LEVEL = 0;
				GCC_PREPROCESSOR_DEFINITIONS = (
					"DEBUG=1",
					"$(inherited)",
				);
				GCC_WARN_64_TO_32_BIT_CONVERSION = YES;
				GCC_WARN_ABOUT_RETURN_TYPE = YES_ERROR;
				GCC_WARN_UNDECLARED_SELECTOR = YES;
				GCC_WARN_UNINITIALIZED_AUTOS = YES_AGGRESSIVE;
				GCC_WARN_UNUSED_FUNCTION = YES;
				GCC_WARN_UNUSED_VARIABLE = YES;
				IPHONEOS_DEPLOYMENT_TARGET = 13.4;
				MTL_ENABLE_DEBUG_INFO = INCLUDE_SOURCE;
				MTL_FAST_MATH = YES;
				ONLY_ACTIVE_ARCH = YES;
				SDKROOT = iphoneos;
				SWIFT_ACTIVE_COMPILATION_CONDITIONS = DEBUG;
				SWIFT_OPTIMIZATION_LEVEL = "-Onone";
			};
			name = Debug;
		};
		893FF30E2444C23600000662 /* Release */ = {
			isa = XCBuildConfiguration;
			buildSettings = {
				ALWAYS_SEARCH_USER_PATHS = NO;
				CLANG_ANALYZER_NONNULL = YES;
				CLANG_ANALYZER_NUMBER_OBJECT_CONVERSION = YES_AGGRESSIVE;
				CLANG_CXX_LANGUAGE_STANDARD = "gnu++14";
				CLANG_CXX_LIBRARY = "libc++";
				CLANG_ENABLE_MODULES = YES;
				CLANG_ENABLE_OBJC_ARC = YES;
				CLANG_ENABLE_OBJC_WEAK = YES;
				CLANG_WARN_BLOCK_CAPTURE_AUTORELEASING = YES;
				CLANG_WARN_BOOL_CONVERSION = YES;
				CLANG_WARN_COMMA = YES;
				CLANG_WARN_CONSTANT_CONVERSION = YES;
				CLANG_WARN_DEPRECATED_OBJC_IMPLEMENTATIONS = YES;
				CLANG_WARN_DIRECT_OBJC_ISA_USAGE = YES_ERROR;
				CLANG_WARN_DOCUMENTATION_COMMENTS = YES;
				CLANG_WARN_EMPTY_BODY = YES;
				CLANG_WARN_ENUM_CONVERSION = YES;
				CLANG_WARN_INFINITE_RECURSION = YES;
				CLANG_WARN_INT_CONVERSION = YES;
				CLANG_WARN_NON_LITERAL_NULL_CONVERSION = YES;
				CLANG_WARN_OBJC_IMPLICIT_RETAIN_SELF = YES;
				CLANG_WARN_OBJC_LITERAL_CONVERSION = YES;
				CLANG_WARN_OBJC_ROOT_CLASS = YES_ERROR;
				CLANG_WARN_RANGE_LOOP_ANALYSIS = YES;
				CLANG_WARN_STRICT_PROTOTYPES = YES;
				CLANG_WARN_SUSPICIOUS_MOVE = YES;
				CLANG_WARN_UNGUARDED_AVAILABILITY = YES_AGGRESSIVE;
				CLANG_WARN_UNREACHABLE_CODE = YES;
				CLANG_WARN__DUPLICATE_METHOD_MATCH = YES;
				COPY_PHASE_STRIP = NO;
				DEBUG_INFORMATION_FORMAT = "dwarf-with-dsym";
				ENABLE_NS_ASSERTIONS = NO;
				ENABLE_STRICT_OBJC_MSGSEND = YES;
				GCC_C_LANGUAGE_STANDARD = gnu11;
				GCC_NO_COMMON_BLOCKS = YES;
				GCC_WARN_64_TO_32_BIT_CONVERSION = YES;
				GCC_WARN_ABOUT_RETURN_TYPE = YES_ERROR;
				GCC_WARN_UNDECLARED_SELECTOR = YES;
				GCC_WARN_UNINITIALIZED_AUTOS = YES_AGGRESSIVE;
				GCC_WARN_UNUSED_FUNCTION = YES;
				GCC_WARN_UNUSED_VARIABLE = YES;
				IPHONEOS_DEPLOYMENT_TARGET = 13.4;
				MTL_ENABLE_DEBUG_INFO = NO;
				MTL_FAST_MATH = YES;
				SDKROOT = iphoneos;
				SWIFT_COMPILATION_MODE = wholemodule;
				SWIFT_OPTIMIZATION_LEVEL = "-O";
				VALIDATE_PRODUCT = YES;
			};
			name = Release;
		};
		893FF3102444C23600000662 /* Debug */ = {
			isa = XCBuildConfiguration;
			buildSettings = {
				ASSETCATALOG_COMPILER_APPICON_NAME = AppIcon;
				CODE_SIGN_STYLE = Automatic;
				DEVELOPMENT_ASSET_PATHS = "\"ColorKitExamples/Preview Content\"";
				DEVELOPMENT_TEAM = CJ3HCZ6WWQ;
				ENABLE_PREVIEWS = YES;
				INFOPLIST_FILE = ColorKitExamples/Info.plist;
				LD_RUNPATH_SEARCH_PATHS = (
					"$(inherited)",
					"@executable_path/Frameworks",
				);
				PRODUCT_BUNDLE_IDENTIFIER = BrownandSons.ColorKitExamples;
				PRODUCT_NAME = "$(TARGET_NAME)";
				SWIFT_VERSION = 5.0;
				TARGETED_DEVICE_FAMILY = "1,2";
			};
			name = Debug;
		};
		893FF3112444C23600000662 /* Release */ = {
			isa = XCBuildConfiguration;
			buildSettings = {
				ASSETCATALOG_COMPILER_APPICON_NAME = AppIcon;
				CODE_SIGN_STYLE = Automatic;
				DEVELOPMENT_ASSET_PATHS = "\"ColorKitExamples/Preview Content\"";
				DEVELOPMENT_TEAM = CJ3HCZ6WWQ;
				ENABLE_PREVIEWS = YES;
				INFOPLIST_FILE = ColorKitExamples/Info.plist;
				LD_RUNPATH_SEARCH_PATHS = (
					"$(inherited)",
					"@executable_path/Frameworks",
				);
				PRODUCT_BUNDLE_IDENTIFIER = BrownandSons.ColorKitExamples;
				PRODUCT_NAME = "$(TARGET_NAME)";
				SWIFT_VERSION = 5.0;
				TARGETED_DEVICE_FAMILY = "1,2";
			};
			name = Release;
		};
/* End XCBuildConfiguration section */

/* Begin XCConfigurationList section */
		893FF2F62444C23400000662 /* Build configuration list for PBXProject "ColorKitExamples" */ = {
			isa = XCConfigurationList;
			buildConfigurations = (
				893FF30D2444C23600000662 /* Debug */,
				893FF30E2444C23600000662 /* Release */,
			);
			defaultConfigurationIsVisible = 0;
			defaultConfigurationName = Release;
		};
		893FF30F2444C23600000662 /* Build configuration list for PBXNativeTarget "ColorKitExamples" */ = {
			isa = XCConfigurationList;
			buildConfigurations = (
				893FF3102444C23600000662 /* Debug */,
				893FF3112444C23600000662 /* Release */,
			);
			defaultConfigurationIsVisible = 0;
			defaultConfigurationName = Release;
		};
/* End XCConfigurationList section */

/* Begin XCRemoteSwiftPackageReference section */
		89B42B082445ED81008D8694 /* XCRemoteSwiftPackageReference "ColorKit" */ = {
			isa = XCRemoteSwiftPackageReference;
			repositoryURL = "https://github.com/kieranb662/ColorKit.git";
			requirement = {
				kind = upToNextMajorVersion;
				minimumVersion = 1.0.1;
			};
		};
/* End XCRemoteSwiftPackageReference section */

/* Begin XCSwiftPackageProductDependency section */
		89B42B092445ED81008D8694 /* ColorKit */ = {
			isa = XCSwiftPackageProductDependency;
			package = 89B42B082445ED81008D8694 /* XCRemoteSwiftPackageReference "ColorKit" */;
			productName = ColorKit;
		};
/* End XCSwiftPackageProductDependency section */
	};
	rootObject = 893FF2F32444C23400000662 /* Project object */;
}
